{
    "version": 3,
    "terraform_version": "0.11.4",
    "serial": 3,
    "lineage": "967e1cea-69ba-0b4c-d6ea-838ae57413db",
    "modules": [
        {
            "path": [
                "root"
            ],
            "outputs": {
                "instance_id": {
                    "sensitive": false,
                    "type": "string",
                    "value": "https://www.googleapis.com/compute/v1/projects/voxxed-198802/zones/us-west1-a/instances/tf-compute-1"
                }
            },
            "resources": {
                "google_compute_instance.default": {
                    "type": "google_compute_instance",
                    "depends_on": [],
                    "primary": {
                        "id": "tf-compute-1",
                        "attributes": {
                            "attached_disk.#": "0",
                            "boot_disk.#": "1",
                            "boot_disk.0.auto_delete": "true",
                            "boot_disk.0.device_name": "persistent-disk-0",
                            "boot_disk.0.disk_encryption_key_raw": "",
                            "boot_disk.0.disk_encryption_key_sha256": "",
                            "boot_disk.0.initialize_params.#": "1",
                            "boot_disk.0.initialize_params.0.image": "https://www.googleapis.com/compute/v1/projects/ubuntu-os-cloud/global/images/ubuntu-1604-xenial-v20170328",
                            "boot_disk.0.initialize_params.0.size": "10",
                            "boot_disk.0.initialize_params.0.type": "pd-standard",
                            "boot_disk.0.source": "https://www.googleapis.com/compute/v1/projects/voxxed-198802/zones/us-west1-a/disks/tf-compute-1",
                            "can_ip_forward": "false",
                            "cpu_platform": "Intel Broadwell",
                            "create_timeout": "4",
                            "deletion_protection": "false",
                            "guest_accelerator.#": "0",
                            "id": "tf-compute-1",
                            "instance_id": "3501894951285725429",
                            "label_fingerprint": "42WmSpB8rSM=",
                            "machine_type": "f1-micro",
                            "metadata.%": "0",
                            "metadata_fingerprint": "tfxJe3oX_pY=",
                            "metadata_startup_script": "",
                            "min_cpu_platform": "",
                            "name": "tf-compute-1",
                            "network_interface.#": "1",
                            "network_interface.0.access_config.#": "1",
                            "network_interface.0.access_config.0.assigned_nat_ip": "35.197.113.223",
                            "network_interface.0.access_config.0.nat_ip": "35.197.113.223",
                            "network_interface.0.address": "10.138.0.2",
                            "network_interface.0.alias_ip_range.#": "0",
                            "network_interface.0.name": "nic0",
                            "network_interface.0.network": "https://www.googleapis.com/compute/v1/projects/voxxed-198802/global/networks/default",
                            "network_interface.0.network_ip": "10.138.0.2",
                            "network_interface.0.subnetwork": "https://www.googleapis.com/compute/v1/projects/voxxed-198802/regions/us-west1/subnetworks/default",
                            "network_interface.0.subnetwork_project": "voxxed-198802",
                            "project": "voxxed-198802",
                            "scheduling.#": "1",
                            "scheduling.0.automatic_restart": "true",
                            "scheduling.0.on_host_maintenance": "MIGRATE",
                            "scheduling.0.preemptible": "false",
                            "scratch_disk.#": "0",
                            "self_link": "https://www.googleapis.com/compute/v1/projects/voxxed-198802/zones/us-west1-a/instances/tf-compute-1",
                            "service_account.#": "0",
                            "tags.#": "0",
                            "tags_fingerprint": "42WmSpB8rSM=",
                            "zone": "us-west1-a"
                        },
                        "meta": {
                            "e2bfb730-ecaa-11e6-8f88-34363bc7c4c0": {
                                "create": 360000000000,
                                "delete": 360000000000,
                                "update": 360000000000
                            },
                            "schema_version": "6"
                        },
                        "tainted": false
                    },
                    "deposed": [],
                    "provider": "provider.google"
                }
            },
            "depends_on": []
        }
    ]
}
