{
    "version": 3,
    "terraform_version": "0.11.4",
    "serial": 12,
    "lineage": "441a08bb-fdd1-d259-d696-aac1d3acabfc",
    "modules": [
        {
            "path": [
                "root"
            ],
            "outputs": {},
            "resources": {
                "aws_ebs_volume.example": {
                    "type": "aws_ebs_volume",
                    "depends_on": [],
                    "primary": {
                        "id": "vol-0a0306acd67b97bce",
                        "attributes": {
                            "arn": "arn:aws:ec2:us-east-1:181999802870:volume/vol-0a0306acd67b97bce",
                            "availability_zone": "us-east-1a",
                            "encrypted": "false",
                            "id": "vol-0a0306acd67b97bce",
                            "size": "2",
                            "snapshot_id": "",
                            "tags.%": "1",
                            "tags.Name": "HelloWorld",
                            "type": "standard"
                        },
                        "meta": {},
                        "tainted": false
                    },
                    "deposed": [],
                    "provider": "provider.aws"
                },
                "aws_instance.example": {
                    "type": "aws_instance",
                    "depends_on": [],
                    "primary": {
                        "id": "i-0feaae83d283e9a95",
                        "attributes": {
                            "ami": "ami-2757f631",
                            "associate_public_ip_address": "true",
                            "availability_zone": "us-east-1a",
                            "disable_api_termination": "false",
                            "ebs_block_device.#": "0",
                            "ebs_optimized": "false",
                            "ephemeral_block_device.#": "0",
                            "iam_instance_profile": "",
                            "id": "i-0feaae83d283e9a95",
                            "instance_state": "running",
                            "instance_type": "t2.micro",
                            "ipv6_addresses.#": "0",
                            "key_name": "",
                            "monitoring": "false",
                            "network_interface.#": "0",
                            "network_interface_id": "eni-80ef5201",
                            "placement_group": "",
                            "primary_network_interface_id": "eni-80ef5201",
                            "private_dns": "ip-172-31-95-16.ec2.internal",
                            "private_ip": "172.31.95.16",
                            "public_dns": "ec2-35-171-2-237.compute-1.amazonaws.com",
                            "public_ip": "35.171.2.237",
                            "root_block_device.#": "1",
                            "root_block_device.0.delete_on_termination": "true",
                            "root_block_device.0.iops": "100",
                            "root_block_device.0.volume_id": "vol-081a9b2005c818e1a",
                            "root_block_device.0.volume_size": "8",
                            "root_block_device.0.volume_type": "gp2",
                            "security_groups.#": "1",
                            "security_groups.3814588639": "default",
                            "source_dest_check": "true",
                            "subnet_id": "subnet-1793e238",
                            "tags.%": "0",
                            "tenancy": "default",
                            "volume_tags.%": "0",
                            "vpc_security_group_ids.#": "1",
                            "vpc_security_group_ids.4003817752": "sg-3c7ab24b"
                        },
                        "meta": {
                            "e2bfb730-ecaa-11e6-8f88-34363bc7c4c0": {
                                "create": 600000000000,
                                "delete": 1200000000000,
                                "update": 600000000000
                            },
                            "schema_version": "1"
                        },
                        "tainted": false
                    },
                    "deposed": [],
                    "provider": "provider.aws"
                },
                "aws_volume_attachment.ebs_att": {
                    "type": "aws_volume_attachment",
                    "depends_on": [
                        "aws_ebs_volume.example",
                        "aws_instance.example"
                    ],
                    "primary": {
                        "id": "vai-3277426688",
                        "attributes": {
                            "device_name": "/dev/sdh",
                            "id": "vai-3277426688",
                            "instance_id": "i-0feaae83d283e9a95",
                            "volume_id": "vol-0a0306acd67b97bce"
                        },
                        "meta": {},
                        "tainted": false
                    },
                    "deposed": [],
                    "provider": "provider.aws"
                }
            },
            "depends_on": []
        }
    ]
}
