{
    "version": 3,
    "terraform_version": "0.11.4",
    "serial": 24,
    "lineage": "3341177f-0c7d-ec54-d292-38d81143195e",
    "modules": [
        {
            "path": [
                "root"
            ],
            "outputs": {},
            "resources": {
                "aws_eip.voxxed_ip": {
                    "type": "aws_eip",
                    "depends_on": [],
                    "primary": {
                        "id": "eipalloc-cdcd43c4",
                        "attributes": {
                            "association_id": "eipassoc-12dac7ab",
                            "domain": "vpc",
                            "id": "eipalloc-cdcd43c4",
                            "instance": "i-0bfdfe91ac4033406",
                            "network_interface": "eni-5bd578da",
                            "private_ip": "172.31.93.191",
                            "public_ip": "35.173.13.145",
                            "tags.%": "0",
                            "vpc": "true"
                        },
                        "meta": {},
                        "tainted": false
                    },
                    "deposed": [],
                    "provider": "provider.aws"
                },
                "aws_eip_association.eip_assoc": {
                    "type": "aws_eip_association",
                    "depends_on": [],
                    "primary": {
                        "id": "eipassoc-84d4c93d",
                        "attributes": {
                            "allocation_id": "eipalloc-cdcd43c4",
                            "id": "eipassoc-84d4c93d",
                            "instance_id": "i-07c6e8726b54192bf",
                            "network_interface_id": "eni-e9a90468",
                            "private_ip_address": "172.31.95.227",
                            "public_ip": "35.173.13.145"
                        },
                        "meta": {},
                        "tainted": false
                    },
                    "deposed": [],
                    "provider": "provider.aws"
                },
                "aws_instance.example": {
                    "type": "aws_instance",
                    "depends_on": [],
                    "primary": {
                        "id": "i-07c6e8726b54192bf",
                        "attributes": {
                            "ami": "ami-2757f631",
                            "associate_public_ip_address": "true",
                            "availability_zone": "us-east-1a",
                            "disable_api_termination": "false",
                            "ebs_block_device.#": "0",
                            "ebs_optimized": "false",
                            "ephemeral_block_device.#": "0",
                            "iam_instance_profile": "",
                            "id": "i-07c6e8726b54192bf",
                            "instance_state": "running",
                            "instance_type": "t2.micro",
                            "ipv6_addresses.#": "0",
                            "key_name": "adrian",
                            "monitoring": "false",
                            "network_interface.#": "0",
                            "network_interface_id": "eni-e9a90468",
                            "placement_group": "",
                            "primary_network_interface_id": "eni-e9a90468",
                            "private_dns": "ip-172-31-95-227.ec2.internal",
                            "private_ip": "172.31.95.227",
                            "public_dns": "ec2-34-207-162-150.compute-1.amazonaws.com",
                            "public_ip": "34.207.162.150",
                            "root_block_device.#": "1",
                            "root_block_device.0.delete_on_termination": "true",
                            "root_block_device.0.iops": "100",
                            "root_block_device.0.volume_id": "vol-06b5f313905b5d254",
                            "root_block_device.0.volume_size": "10",
                            "root_block_device.0.volume_type": "gp2",
                            "security_groups.#": "1",
                            "security_groups.2200183879": "allow_all",
                            "source_dest_check": "true",
                            "subnet_id": "subnet-1793e238",
                            "tags.%": "1",
                            "tags.Name": "HelloWorld",
                            "tenancy": "default",
                            "volume_tags.%": "0",
                            "vpc_security_group_ids.#": "1",
                            "vpc_security_group_ids.362243740": "sg-367c3740"
                        },
                        "meta": {
                            "e2bfb730-ecaa-11e6-8f88-34363bc7c4c0": {
                                "create": 600000000000,
                                "delete": 1200000000000,
                                "update": 600000000000
                            },
                            "schema_version": "1"
                        },
                        "tainted": false
                    },
                    "deposed": [],
                    "provider": "provider.aws"
                },
                "aws_key_pair.adrian": {
                    "type": "aws_key_pair",
                    "depends_on": [],
                    "primary": {
                        "id": "adrian",
                        "attributes": {
                            "fingerprint": "f3:b1:5e:41:c2:18:b9:77:3d:2a:34:db:bf:76:8f:48",
                            "id": "adrian",
                            "key_name": "adrian",
                            "public_key": "ssh-rsa AAAAB3NzaC1yc2EAAAADAQABAAABAQDfrowIbY1uBjzCUget9/RrE1hS10aRaKWX1WF8+aFa+JXAM0W/j7yFvnFVeVikRzjBHrzNj+ssJeI2TsIHVtNUR3gHY2EL5XqvVqazz5St5kPLWztLxEM3PQ+yeQZyRsVNMHPwhnogxcTjnLwuUHI256ePgh4vB3jgLZgGfdniBb2StsY3iV6/nFdEdR+EhvS4aGPvuI1y0+kv7jXxQsRx5a+LLfLtam//Gf0b3A77onK/A/trpLnnF8C3u2EvyL5g6SNTPUq9v4uxSyiuh9V1Yv34TEjkJMYi5na+7j90tP4r9R9TjzOC0hZZylk/pBXY0VxlOV/jGoCg+wpGTvtp adrian.neatu@aneatu02"
                        },
                        "meta": {
                            "schema_version": "1"
                        },
                        "tainted": false
                    },
                    "deposed": [],
                    "provider": "provider.aws"
                },
                "aws_security_group.allow_all": {
                    "type": "aws_security_group",
                    "depends_on": [],
                    "primary": {
                        "id": "sg-367c3740",
                        "attributes": {
                            "description": "Allow all inbound traffic",
                            "egress.#": "1",
                            "egress.482069346.cidr_blocks.#": "1",
                            "egress.482069346.cidr_blocks.0": "0.0.0.0/0",
                            "egress.482069346.description": "",
                            "egress.482069346.from_port": "0",
                            "egress.482069346.ipv6_cidr_blocks.#": "0",
                            "egress.482069346.prefix_list_ids.#": "0",
                            "egress.482069346.protocol": "-1",
                            "egress.482069346.security_groups.#": "0",
                            "egress.482069346.self": "false",
                            "egress.482069346.to_port": "0",
                            "id": "sg-367c3740",
                            "ingress.#": "1",
                            "ingress.482069346.cidr_blocks.#": "1",
                            "ingress.482069346.cidr_blocks.0": "0.0.0.0/0",
                            "ingress.482069346.description": "",
                            "ingress.482069346.from_port": "0",
                            "ingress.482069346.ipv6_cidr_blocks.#": "0",
                            "ingress.482069346.protocol": "-1",
                            "ingress.482069346.security_groups.#": "0",
                            "ingress.482069346.self": "false",
                            "ingress.482069346.to_port": "0",
                            "name": "allow_all",
                            "owner_id": "181999802870",
                            "revoke_rules_on_delete": "false",
                            "tags.%": "0",
                            "vpc_id": "vpc-46879f3e"
                        },
                        "meta": {
                            "e2bfb730-ecaa-11e6-8f88-34363bc7c4c0": {
                                "create": 600000000000,
                                "delete": 600000000000
                            },
                            "schema_version": "1"
                        },
                        "tainted": false
                    },
                    "deposed": [],
                    "provider": "provider.aws"
                }
            },
            "depends_on": []
        }
    ]
}
