{
    "version": 3,
    "terraform_version": "0.11.4",
    "serial": 34,
    "lineage": "97ef2c67-b957-d8ce-ee14-763aca554139",
    "modules": [
        {
            "path": [
                "root"
            ],
            "outputs": {},
            "resources": {
                "aws_autoscaling_group.asg_app": {
                    "type": "aws_autoscaling_group",
                    "depends_on": [
                        "aws_elb.lb",
                        "aws_launch_configuration.lc_app"
                    ],
                    "primary": {
                        "id": "asg-app - terraform-20180322155747090100000001",
                        "attributes": {
                            "desired_capacity": "2",
                            "force_delete": "false",
                            "health_check_grace_period": "300",
                            "health_check_type": "ELB",
                            "id": "asg-app - terraform-20180322155747090100000001",
                            "launch_configuration": "terraform-20180322155747090100000001",
                            "load_balancers.#": "1",
                            "load_balancers.3768627209": "terraform-elb",
                            "max_size": "4",
                            "metrics_granularity": "1Minute",
                            "min_size": "2",
                            "name": "asg-app - terraform-20180322155747090100000001",
                            "protect_from_scale_in": "false",
                            "target_group_arns.#": "0",
                            "termination_policies.#": "1",
                            "termination_policies.0": "OldestLaunchConfiguration",
                            "vpc_zone_identifier.#": "3",
                            "vpc_zone_identifier.2067256523": "subnet-6bbf8120",
                            "vpc_zone_identifier.2566274264": "subnet-3e4b3e63",
                            "vpc_zone_identifier.3125048088": "subnet-1793e238",
                            "wait_for_capacity_timeout": "10m",
                            "wait_for_elb_capacity": "2"
                        },
                        "meta": {
                            "e2bfb730-ecaa-11e6-8f88-34363bc7c4c0": {
                                "delete": 600000000000
                            }
                        },
                        "tainted": false
                    },
                    "deposed": [],
                    "provider": "provider.aws"
                },
                "aws_eip.voxxed_ip": {
                    "type": "aws_eip",
                    "depends_on": [],
                    "primary": {
                        "id": "eipalloc-a6a820af",
                        "attributes": {
                            "association_id": "",
                            "domain": "vpc",
                            "id": "eipalloc-a6a820af",
                            "instance": "",
                            "network_interface": "",
                            "private_ip": "",
                            "public_ip": "18.233.73.183",
                            "tags.%": "0",
                            "vpc": "true"
                        },
                        "meta": {},
                        "tainted": false
                    },
                    "deposed": [],
                    "provider": "provider.aws"
                },
                "aws_elb.lb": {
                    "type": "aws_elb",
                    "depends_on": [
                        "aws_instance.example",
                        "aws_security_group.allow_all"
                    ],
                    "primary": {
                        "id": "terraform-elb",
                        "attributes": {
                            "access_logs.#": "0",
                            "arn": "arn:aws:elasticloadbalancing:us-east-1:181999802870:loadbalancer/terraform-elb",
                            "availability_zones.#": "3",
                            "availability_zones.1305112097": "us-east-1b",
                            "availability_zones.3569565595": "us-east-1a",
                            "availability_zones.986537655": "us-east-1c",
                            "connection_draining": "true",
                            "connection_draining_timeout": "400",
                            "cross_zone_load_balancing": "true",
                            "dns_name": "terraform-elb-555502764.us-east-1.elb.amazonaws.com",
                            "health_check.#": "1",
                            "health_check.0.healthy_threshold": "2",
                            "health_check.0.interval": "30",
                            "health_check.0.target": "HTTP:8000/",
                            "health_check.0.timeout": "3",
                            "health_check.0.unhealthy_threshold": "2",
                            "id": "terraform-elb",
                            "idle_timeout": "400",
                            "instances.#": "1",
                            "instances.2760721873": "i-091bbf861cfce7094",
                            "internal": "false",
                            "listener.#": "1",
                            "listener.3057123346.instance_port": "80",
                            "listener.3057123346.instance_protocol": "http",
                            "listener.3057123346.lb_port": "80",
                            "listener.3057123346.lb_protocol": "http",
                            "listener.3057123346.ssl_certificate_id": "",
                            "name": "terraform-elb",
                            "security_groups.#": "1",
                            "security_groups.2827407359": "sg-40772336",
                            "source_security_group": "181999802870/allow_all",
                            "source_security_group_id": "sg-40772336",
                            "subnets.#": "3",
                            "subnets.2067256523": "subnet-6bbf8120",
                            "subnets.2566274264": "subnet-3e4b3e63",
                            "subnets.3125048088": "subnet-1793e238",
                            "tags.%": "1",
                            "tags.Name": "terraform-elb",
                            "zone_id": "Z35SXDOTRQ7X7K"
                        },
                        "meta": {},
                        "tainted": false
                    },
                    "deposed": [],
                    "provider": "provider.aws"
                },
                "aws_instance.example": {
                    "type": "aws_instance",
                    "depends_on": [
                        "aws_key_pair.adrian",
                        "aws_security_group.allow_all"
                    ],
                    "primary": {
                        "id": "i-091bbf861cfce7094",
                        "attributes": {
                            "ami": "ami-2757f631",
                            "associate_public_ip_address": "true",
                            "availability_zone": "us-east-1a",
                            "disable_api_termination": "false",
                            "ebs_block_device.#": "0",
                            "ebs_optimized": "false",
                            "ephemeral_block_device.#": "0",
                            "iam_instance_profile": "",
                            "id": "i-091bbf861cfce7094",
                            "instance_state": "running",
                            "instance_type": "t2.micro",
                            "ipv6_addresses.#": "0",
                            "key_name": "adrian",
                            "monitoring": "false",
                            "network_interface.#": "0",
                            "network_interface_id": "eni-845ff405",
                            "placement_group": "",
                            "primary_network_interface_id": "eni-845ff405",
                            "private_dns": "ip-172-31-93-105.ec2.internal",
                            "private_ip": "172.31.93.105",
                            "public_dns": "ec2-54-165-78-248.compute-1.amazonaws.com",
                            "public_ip": "54.165.78.248",
                            "root_block_device.#": "1",
                            "root_block_device.0.delete_on_termination": "true",
                            "root_block_device.0.iops": "100",
                            "root_block_device.0.volume_id": "vol-0d0fd91f74beb0d00",
                            "root_block_device.0.volume_size": "8",
                            "root_block_device.0.volume_type": "gp2",
                            "security_groups.#": "1",
                            "security_groups.2200183879": "allow_all",
                            "source_dest_check": "true",
                            "subnet_id": "subnet-1793e238",
                            "tags.%": "1",
                            "tags.Name": "HelloWorld",
                            "tenancy": "default",
                            "volume_tags.%": "0",
                            "vpc_security_group_ids.#": "1",
                            "vpc_security_group_ids.2827407359": "sg-40772336"
                        },
                        "meta": {
                            "e2bfb730-ecaa-11e6-8f88-34363bc7c4c0": {
                                "create": 600000000000,
                                "delete": 1200000000000,
                                "update": 600000000000
                            },
                            "schema_version": "1"
                        },
                        "tainted": false
                    },
                    "deposed": [],
                    "provider": "provider.aws"
                },
                "aws_key_pair.adrian": {
                    "type": "aws_key_pair",
                    "depends_on": [],
                    "primary": {
                        "id": "adrian",
                        "attributes": {
                            "id": "adrian",
                            "key_name": "adrian",
                            "public_key": "ssh-rsa AAAAB3NzaC1yc2EAAAADAQABAAABAQDfrowIbY1uBjzCUget9/RrE1hS10aRaKWX1WF8+aFa+JXAM0W/j7yFvnFVeVikRzjBHrzNj+ssJeI2TsIHVtNUR3gHY2EL5XqvVqazz5St5kPLWztLxEM3PQ+yeQZyRsVNMHPwhnogxcTjnLwuUHI256ePgh4vB3jgLZgGfdniBb2StsY3iV6/nFdEdR+EhvS4aGPvuI1y0+kv7jXxQsRx5a+LLfLtam//Gf0b3A77onK/A/trpLnnF8C3u2EvyL5g6SNTPUq9v4uxSyiuh9V1Yv34TEjkJMYi5na+7j90tP4r9R9TjzOC0hZZylk/pBXY0VxlOV/jGoCg+wpGTvtp adrian.neatu@aneatu02"
                        },
                        "meta": {
                            "schema_version": "1"
                        },
                        "tainted": false
                    },
                    "deposed": [],
                    "provider": "provider.aws"
                },
                "aws_launch_configuration.lc_app": {
                    "type": "aws_launch_configuration",
                    "depends_on": [
                        "aws_key_pair.adrian",
                        "aws_security_group.allow_all"
                    ],
                    "primary": {
                        "id": "terraform-20180322155747090100000001",
                        "attributes": {
                            "associate_public_ip_address": "false",
                            "ebs_block_device.#": "0",
                            "ebs_optimized": "false",
                            "enable_monitoring": "true",
                            "ephemeral_block_device.#": "0",
                            "iam_instance_profile": "",
                            "id": "terraform-20180322155747090100000001",
                            "image_id": "ami-2757f631",
                            "instance_type": "t2.micro",
                            "key_name": "adrian",
                            "name": "terraform-20180322155747090100000001",
                            "root_block_device.#": "0",
                            "security_groups.#": "1",
                            "security_groups.2827407359": "sg-40772336",
                            "spot_price": "",
                            "vpc_classic_link_id": "",
                            "vpc_classic_link_security_groups.#": "0"
                        },
                        "meta": {},
                        "tainted": false
                    },
                    "deposed": [],
                    "provider": "provider.aws"
                },
                "aws_security_group.allow_all": {
                    "type": "aws_security_group",
                    "depends_on": [],
                    "primary": {
                        "id": "sg-40772336",
                        "attributes": {
                            "description": "Allow all inbound traffic",
                            "egress.#": "1",
                            "egress.482069346.cidr_blocks.#": "1",
                            "egress.482069346.cidr_blocks.0": "0.0.0.0/0",
                            "egress.482069346.description": "",
                            "egress.482069346.from_port": "0",
                            "egress.482069346.ipv6_cidr_blocks.#": "0",
                            "egress.482069346.prefix_list_ids.#": "0",
                            "egress.482069346.protocol": "-1",
                            "egress.482069346.security_groups.#": "0",
                            "egress.482069346.self": "false",
                            "egress.482069346.to_port": "0",
                            "id": "sg-40772336",
                            "ingress.#": "1",
                            "ingress.482069346.cidr_blocks.#": "1",
                            "ingress.482069346.cidr_blocks.0": "0.0.0.0/0",
                            "ingress.482069346.description": "",
                            "ingress.482069346.from_port": "0",
                            "ingress.482069346.ipv6_cidr_blocks.#": "0",
                            "ingress.482069346.protocol": "-1",
                            "ingress.482069346.security_groups.#": "0",
                            "ingress.482069346.self": "false",
                            "ingress.482069346.to_port": "0",
                            "name": "allow_all",
                            "owner_id": "181999802870",
                            "revoke_rules_on_delete": "false",
                            "tags.%": "0",
                            "vpc_id": "vpc-46879f3e"
                        },
                        "meta": {
                            "e2bfb730-ecaa-11e6-8f88-34363bc7c4c0": {
                                "create": 600000000000,
                                "delete": 600000000000
                            },
                            "schema_version": "1"
                        },
                        "tainted": false
                    },
                    "deposed": [],
                    "provider": "provider.aws"
                }
            },
            "depends_on": []
        }
    ]
}
